
Microsoft Visual Studio Solution File, Format Version 12.00
# Visual Studio Version 16
VisualStudioVersion = 16.0.30204.135
MinimumVisualStudioVersion = 10.0.40219.1
Project("{FAE04EC0-301F-11D3-BF4B-00C04F79EFBC}") = "JoinClub", "JoinClub.csproj", "{BEB665B3-F73A-4F07-92F1-C28F540C11D7}"
EndProject
Global
	GlobalSection(SolutionConfigurationPlatforms) = preSolution
		Debug|Any CPU = Debug|Any CPU
		Release|Any CPU = Release|Any CPU
	EndGlobalSection
	GlobalSection(ProjectConfigurationPlatforms) = postSolution
		{BEB665B3-F73A-4F07-92F1-C28F540C11D7}.Debug|Any CPU.ActiveCfg = Debug|Any CPU
		{BEB665B3-F73A-4F07-92F1-C28F540C11D7}.Debug|Any CPU.Build.0 = Debug|Any CPU
		{BEB665B3-F73A-4F07-92F1-C28F540C11D7}.Release|Any CPU.ActiveCfg = Release|Any CPU
		{BEB665B3-F73A-4F07-92F1-C28F540C11D7}.Release|Any CPU.Build.0 = Release|Any CPU
	EndGlobalSection
	GlobalSection(SolutionProperties) = preSolution
		HideSolutionNode = FALSE
	EndGlobalSection
	GlobalSection(ExtensibilityGlobals) = postSolution
		SolutionGuid = {D9C6B987-8AA5-4844-AAAC-55E672632880}
	EndGlobalSection
EndGlobal
